
Microsoft Visual Studio Solution File, Format Version 12.00
# Visual Studio Version 17
VisualStudioVersion = 17.0.31903.59
MinimumVisualStudioVersion = 10.0.40219.1
Project("{9A19103F-16F7-4668-BE54-9A1E7A4F7556}") = "PbtAWorldApp", "PbtAWorldApp\PbtAWorldApp.csproj", "{0527CC79-3D83-40E8-8F9D-5B577DD37DEA}"
EndProject
Project("{9A19103F-16F7-4668-BE54-9A1E7A4F7556}") = "PbtALib", "PbtALib\PbtALib.csproj", "{AF3D4433-36C9-4D5D-A146-C0D853FFF3D3}"
EndProject
Project("{9A19103F-16F7-4668-BE54-9A1E7A4F7556}") = "DinoIsland", "DinoIslandRazor\DinoIsland.csproj", "{620CA344-592E-444E-BA1C-7C45FB672D71}"
EndProject
Project("{9A19103F-16F7-4668-BE54-9A1E7A4F7556}") = "PbtaWorldRazonCommonComponents", "PbtaWorldRazonCommonComponents\PbtaWorldRazonCommonComponents.csproj", "{876B6562-6501-47FA-9CAC-600C3E6C87EE}"
EndProject
Project("{9A19103F-16F7-4668-BE54-9A1E7A4F7556}") = "DungeonWorld", "DungeonWorld\DungeonWorld.csproj", "{C0592480-34DB-4811-B64E-1C8400163339}"
EndProject
Project("{9A19103F-16F7-4668-BE54-9A1E7A4F7556}") = "PbtADBConnector", "PbtADBConnector\PbtADBConnector.csproj", "{BABAAB15-A874-4955-924D-8C57C29D5D41}"
EndProject
Project("{9A19103F-16F7-4668-BE54-9A1E7A4F7556}") = "UrbanShadows", "UrbanShadows\UrbanShadows.csproj", "{FBED24E0-157B-4EA5-A88B-768C56931F97}"
EndProject
Project("{00D1A9C2-B5F0-4AF3-8072-F6C62B433612}") = "PbtADB", "PbtADB\PbtADB.sqlproj", "{799652BC-7360-44EA-8832-8AF3FF7851EB}"
EndProject
Project("{FAE04EC0-301F-11D3-BF4B-00C04F79EFBC}") = "ScumAndVillainy", "ScumAndVillainiRazor\ScumAndVillainy.csproj", "{88CB098F-341C-4424-A79D-4F9BB32CEACC}"
EndProject
Global
	GlobalSection(SolutionConfigurationPlatforms) = preSolution
		Debug|Any CPU = Debug|Any CPU
		Release|Any CPU = Release|Any CPU
	EndGlobalSection
	GlobalSection(ProjectConfigurationPlatforms) = postSolution
		{0527CC79-3D83-40E8-8F9D-5B577DD37DEA}.Debug|Any CPU.ActiveCfg = Debug|Any CPU
		{0527CC79-3D83-40E8-8F9D-5B577DD37DEA}.Debug|Any CPU.Build.0 = Debug|Any CPU
		{0527CC79-3D83-40E8-8F9D-5B577DD37DEA}.Release|Any CPU.ActiveCfg = Release|Any CPU
		{0527CC79-3D83-40E8-8F9D-5B577DD37DEA}.Release|Any CPU.Build.0 = Release|Any CPU
		{AF3D4433-36C9-4D5D-A146-C0D853FFF3D3}.Debug|Any CPU.ActiveCfg = Debug|Any CPU
		{AF3D4433-36C9-4D5D-A146-C0D853FFF3D3}.Debug|Any CPU.Build.0 = Debug|Any CPU
		{AF3D4433-36C9-4D5D-A146-C0D853FFF3D3}.Release|Any CPU.ActiveCfg = Release|Any CPU
		{AF3D4433-36C9-4D5D-A146-C0D853FFF3D3}.Release|Any CPU.Build.0 = Release|Any CPU
		{620CA344-592E-444E-BA1C-7C45FB672D71}.Debug|Any CPU.ActiveCfg = Debug|Any CPU
		{620CA344-592E-444E-BA1C-7C45FB672D71}.Debug|Any CPU.Build.0 = Debug|Any CPU
		{620CA344-592E-444E-BA1C-7C45FB672D71}.Release|Any CPU.ActiveCfg = Release|Any CPU
		{620CA344-592E-444E-BA1C-7C45FB672D71}.Release|Any CPU.Build.0 = Release|Any CPU
		{876B6562-6501-47FA-9CAC-600C3E6C87EE}.Debug|Any CPU.ActiveCfg = Debug|Any CPU
		{876B6562-6501-47FA-9CAC-600C3E6C87EE}.Debug|Any CPU.Build.0 = Debug|Any CPU
		{876B6562-6501-47FA-9CAC-600C3E6C87EE}.Release|Any CPU.ActiveCfg = Release|Any CPU
		{876B6562-6501-47FA-9CAC-600C3E6C87EE}.Release|Any CPU.Build.0 = Release|Any CPU
		{C0592480-34DB-4811-B64E-1C8400163339}.Debug|Any CPU.ActiveCfg = Debug|Any CPU
		{C0592480-34DB-4811-B64E-1C8400163339}.Debug|Any CPU.Build.0 = Debug|Any CPU
		{C0592480-34DB-4811-B64E-1C8400163339}.Release|Any CPU.ActiveCfg = Release|Any CPU
		{C0592480-34DB-4811-B64E-1C8400163339}.Release|Any CPU.Build.0 = Release|Any CPU
		{BABAAB15-A874-4955-924D-8C57C29D5D41}.Debug|Any CPU.ActiveCfg = Debug|Any CPU
		{BABAAB15-A874-4955-924D-8C57C29D5D41}.Debug|Any CPU.Build.0 = Debug|Any CPU
		{BABAAB15-A874-4955-924D-8C57C29D5D41}.Release|Any CPU.ActiveCfg = Release|Any CPU
		{BABAAB15-A874-4955-924D-8C57C29D5D41}.Release|Any CPU.Build.0 = Release|Any CPU
		{FBED24E0-157B-4EA5-A88B-768C56931F97}.Debug|Any CPU.ActiveCfg = Debug|Any CPU
		{FBED24E0-157B-4EA5-A88B-768C56931F97}.Debug|Any CPU.Build.0 = Debug|Any CPU
		{FBED24E0-157B-4EA5-A88B-768C56931F97}.Release|Any CPU.ActiveCfg = Release|Any CPU
		{FBED24E0-157B-4EA5-A88B-768C56931F97}.Release|Any CPU.Build.0 = Release|Any CPU
		{799652BC-7360-44EA-8832-8AF3FF7851EB}.Debug|Any CPU.ActiveCfg = Debug|Any CPU
		{799652BC-7360-44EA-8832-8AF3FF7851EB}.Debug|Any CPU.Build.0 = Debug|Any CPU
		{799652BC-7360-44EA-8832-8AF3FF7851EB}.Debug|Any CPU.Deploy.0 = Debug|Any CPU
		{799652BC-7360-44EA-8832-8AF3FF7851EB}.Release|Any CPU.ActiveCfg = Release|Any CPU
		{799652BC-7360-44EA-8832-8AF3FF7851EB}.Release|Any CPU.Build.0 = Release|Any CPU
		{799652BC-7360-44EA-8832-8AF3FF7851EB}.Release|Any CPU.Deploy.0 = Release|Any CPU
		{88CB098F-341C-4424-A79D-4F9BB32CEACC}.Debug|Any CPU.ActiveCfg = Debug|Any CPU
		{88CB098F-341C-4424-A79D-4F9BB32CEACC}.Debug|Any CPU.Build.0 = Debug|Any CPU
		{88CB098F-341C-4424-A79D-4F9BB32CEACC}.Release|Any CPU.ActiveCfg = Release|Any CPU
		{88CB098F-341C-4424-A79D-4F9BB32CEACC}.Release|Any CPU.Build.0 = Release|Any CPU
	EndGlobalSection
	GlobalSection(SolutionProperties) = preSolution
		HideSolutionNode = FALSE
	EndGlobalSection
	GlobalSection(ExtensibilityGlobals) = postSolution
		SolutionGuid = {3F5DA0A9-33C7-40AB-AEA7-0A22748B91FB}
	EndGlobalSection
EndGlobal
