
Microsoft Visual Studio Solution File, Format Version 12.00
# Visual Studio Version 17
VisualStudioVersion = 17.0.31903.59
MinimumVisualStudioVersion = 10.0.40219.1
Project("{9A19103F-16F7-4668-BE54-9A1E7A4F7556}") = "PbtAWorldApp", "PbtAWorldApp\PbtAWorldApp.csproj", "{0527CC79-3D83-40E8-8F9D-5B577DD37DEA}"
EndProject
Project("{FAE04EC0-301F-11D3-BF4B-00C04F79EFBC}") = "DataAccessLibrary", "DataAccessLibrary\DataAccessLibrary.csproj", "{D9BBD244-E818-4BFE-B67E-E262E6BBF735}"
EndProject
Global
	GlobalSection(SolutionConfigurationPlatforms) = preSolution
		Debug|Any CPU = Debug|Any CPU
		Release|Any CPU = Release|Any CPU
	EndGlobalSection
	GlobalSection(ProjectConfigurationPlatforms) = postSolution
		{0527CC79-3D83-40E8-8F9D-5B577DD37DEA}.Debug|Any CPU.ActiveCfg = Debug|Any CPU
		{0527CC79-3D83-40E8-8F9D-5B577DD37DEA}.Debug|Any CPU.Build.0 = Debug|Any CPU
		{0527CC79-3D83-40E8-8F9D-5B577DD37DEA}.Release|Any CPU.ActiveCfg = Release|Any CPU
		{0527CC79-3D83-40E8-8F9D-5B577DD37DEA}.Release|Any CPU.Build.0 = Release|Any CPU
		{D9BBD244-E818-4BFE-B67E-E262E6BBF735}.Debug|Any CPU.ActiveCfg = Debug|Any CPU
		{D9BBD244-E818-4BFE-B67E-E262E6BBF735}.Debug|Any CPU.Build.0 = Debug|Any CPU
		{D9BBD244-E818-4BFE-B67E-E262E6BBF735}.Release|Any CPU.ActiveCfg = Release|Any CPU
		{D9BBD244-E818-4BFE-B67E-E262E6BBF735}.Release|Any CPU.Build.0 = Release|Any CPU
	EndGlobalSection
	GlobalSection(SolutionProperties) = preSolution
		HideSolutionNode = FALSE
	EndGlobalSection
	GlobalSection(ExtensibilityGlobals) = postSolution
		SolutionGuid = {3F5DA0A9-33C7-40AB-AEA7-0A22748B91FB}
	EndGlobalSection
EndGlobal
